
Microsoft Visual Studio Solution File, Format Version 12.00
# Visual Studio 15
VisualStudioVersion = 15.0.34112.143
MinimumVisualStudioVersion = 10.0.40219.1
Project("{FAE04EC0-301F-11D3-BF4B-00C04F79EFBC}") = "WeatherApp", "WindowsFormsApp2\WeatherApp.csproj", "{B13F7089-629D-4B79-94FF-E7A477A9755B}"
EndProject
Global
	GlobalSection(SolutionConfigurationPlatforms) = preSolution
		Debug|Any CPU = Debug|Any CPU
		Release|Any CPU = Release|Any CPU
	EndGlobalSection
	GlobalSection(ProjectConfigurationPlatforms) = postSolution
		{B13F7089-629D-4B79-94FF-E7A477A9755B}.Debug|Any CPU.ActiveCfg = Debug|Any CPU
		{B13F7089-629D-4B79-94FF-E7A477A9755B}.Debug|Any CPU.Build.0 = Debug|Any CPU
		{B13F7089-629D-4B79-94FF-E7A477A9755B}.Release|Any CPU.ActiveCfg = Release|Any CPU
		{B13F7089-629D-4B79-94FF-E7A477A9755B}.Release|Any CPU.Build.0 = Release|Any CPU
	EndGlobalSection
	GlobalSection(SolutionProperties) = preSolution
		HideSolutionNode = FALSE
	EndGlobalSection
	GlobalSection(ExtensibilityGlobals) = postSolution
		SolutionGuid = {52D43645-0E84-418E-91F0-BD8F05482C4D}
	EndGlobalSection
EndGlobal
